
Microsoft Visual Studio Solution File, Format Version 12.00
# Visual Studio Version 17
VisualStudioVersion = 17.4.33213.308
MinimumVisualStudioVersion = 10.0.40219.1
Project("{FAE04EC0-301F-11D3-BF4B-00C04F79EFBC}") = "PrivateMultipleObjects", "PrivateMultipleObjects\PrivateMultipleObjects.csproj", "{82459A3D-3812-49B6-98C5-86A46D462737}"
EndProject
Global
	GlobalSection(SolutionConfigurationPlatforms) = preSolution
		Debug|Any CPU = Debug|Any CPU
		Release|Any CPU = Release|Any CPU
	EndGlobalSection
	GlobalSection(ProjectConfigurationPlatforms) = postSolution
		{82459A3D-3812-49B6-98C5-86A46D462737}.Debug|Any CPU.ActiveCfg = Debug|Any CPU
		{82459A3D-3812-49B6-98C5-86A46D462737}.Debug|Any CPU.Build.0 = Debug|Any CPU
		{82459A3D-3812-49B6-98C5-86A46D462737}.Release|Any CPU.ActiveCfg = Release|Any CPU
		{82459A3D-3812-49B6-98C5-86A46D462737}.Release|Any CPU.Build.0 = Release|Any CPU
	EndGlobalSection
	GlobalSection(SolutionProperties) = preSolution
		HideSolutionNode = FALSE
	EndGlobalSection
	GlobalSection(ExtensibilityGlobals) = postSolution
		SolutionGuid = {76A52664-6F17-4834-A09B-AB2FF974CC8E}
	EndGlobalSection
EndGlobal
